github.com/cockroachdb/cockroach-go v2.0.1+incompatible h1:rkk9T7FViadPOz28xQ68o18jBSpyShru0mayVumxqYA=
github.com/cockroachdb/cockroach-go v2.0.1+incompatible/go.mod h1:XGLbWH/ujMcbPbhZq52Nv6UrCghb1yGn//133kEsvDk=
github.com/disintegration/imaging v1.6.2 h1:w1LecBlG2Lnp8B3jk5zSuNqd7b4DXhcjwek1ei82L+c=
github.com/disintegration/imaging v1.6.2/go.mod h1:44/5580QXChDfwIclfc/PCwrr44amcmDAg8hxG0Ewe4=
github.com/eknkc/basex v1.0.0 h1:R2zGRGJAcqEES03GqHU9leUF5n4Pg6ahazPbSTQWCWc=
github.com/eknkc/basex v1.0.0/go.mod h1:k/F/exNEHFdbs3ZHuasoP2E7zeWwZblG84Y7Z59vQRo=
github.com/hako/branca v0.0.0-20200807062402-6052ac720505 h1:+sMksliTexVa8g56h4RkilJghUmsW5FujoD1AWb3Ak4=
github.com/hako/branca v0.0.0-20200807062402-6052ac720505/go.mod h1:rg2Mhi85BDi/JlegTSj3hgLPNJ0iNvWgDrnM306nbWQ=
github.com/joho/godotenv v1.3.0 h1:Zjp+RcGpHhGlrMbJzXTrZZPrWj+1vfm90La1wgB6Bhc=
github.com/joho/godotenv v1.3.0/go.mod h1:7hK45KPybAkOC6peb+G5yklZfMxEjkZhHbwpqxOKXbg=
github.com/lib/pq v1.9.0 h1:L8nSXQQzAYByakOFMTwpjRoHsMJklur4Gi59b6VivR8=
github.com/lib/pq v1.9.0/go.mod h1:AlVN5x4E4T544tWzH6hKfbfQvm3HdbOxrmggDNAPY9o=
github.com/matoous/go-nanoid v1.5.0 h1:VRorl6uCngneC4oUQqOYtO3S0H5QKFtKuKycFG3euek=
github.com/matoous/go-nanoid v1.5.0/go.mod h1:zyD2a71IubI24efhpvkJz+ZwfwagzgSO6UNiFsZKN7U=
github.com/matryer/way v0.0.0-20180416093233-9632d0c407b0 h1:KWiqy3hl8yCUPAq1frD0DKXKyn7d9h2nVhj2r5ISq2o=
github.com/matryer/way v0.0.0-20180416093233-9632d0c407b0/go.mod h1:stiJZfMq1xZPqvIyt2VsYMgLul8vf1nmL0D3KU70dEc=
github.com/nats-io/jwt v0.3.2 h1:+RB5hMpXUUA2dfxuhBTEkMOrYmM+gKIZYS1KjSostMI=
github.com/nats-io/jwt v0.3.2/go.mod h1:/euKqTS1ZD+zzjYrY7pseZrTtWQSjujC7xjPc8wL6eU=
github.com/nats-io/jwt v1.2.2 h1:w3GMTO969dFg+UOKTmmyuu7IGdusK+7Ytlt//OYH/uU=
github.com/nats-io/jwt v1.2.2/go.mod h1:/xX356yQA6LuXI9xWW7mZNpxgF2mBmGecH+Fj34sP5Q=
github.com/nats-io/nats.go v1.10.0 h1:L8qnKaofSfNFbXg0C5F71LdjPRnmQwSsA4ukmkt1TvY=
github.com/nats-io/nats.go v1.10.0/go.mod h1:AjGArbfyR50+afOUotNX2Xs5SYHf+CoOa5HH1eEl2HE=
github.com/nats-io/nkeys v0.1.3/go.mod h1:xpnFELMwJABBLVhffcfd1MZx6VsNRFpEugbxziKVo7w=
github.com/nats-io/nkeys v0.1.4 h1:aEsHIssIk6ETN5m2/MD8Y4B2X7FfXrBAUdkyRvbVYzA=
github.com/nats-io/nkeys v0.1.4/go.mod h1:XdZpAbhgyyODYqjTawOnIOI7VlbKSarI9Gfy1tqEu/s=
github.com/nats-io/nkeys v0.2.0 h1:WXKF7diOaPU9cJdLD7nuzwasQy9vT1tBqzXZZf3AMJM=
github.com/nats-io/nkeys v0.2.0/go.mod h1:XdZpAbhgyyODYqjTawOnIOI7VlbKSarI9Gfy1tqEu/s=
github.com/nats-io/nuid v1.0.1 h1:5iA8DT8V7q8WK2EScv2padNa/rTESc1KdnPw4TC2paw=
github.com/nats-io/nuid v1.0.1/go.mod h1:19wcPz3Ph3q0Jbyiqsd0kePYG7A95tJPxeL+1OSON2c=
golang.org/x/crypto v0.0.0-20190308221718-c2843e01d9a2/go.mod h1:djNgcEr1/C05ACkg1iLfiJU5Ep61QUkGW8qpdssI0+w=
golang.org/x/crypto v0.0.0-20190701094942-4def268fd1a4/go.mod h1:yigFU9vqHzYiE8UmvKecakEJjdnWj3jj499lnFckfCI=
golang.org/x/crypto v0.0.0-20191219195013-becbf705a915/go.mod h1:LzIPMQfyMNhhGPhUkYOs5KpL4U8rLKemX1yGLhDgUto=
golang.org/x/crypto v0.0.0-20200323165209-0ec3e9974c59 h1:3zb4D3T4G8jdExgVU/95+vQXfpEPiMdCaZgmGVxjNHM=
golang.org/x/crypto v0.0.0-20200323165209-0ec3e9974c59/go.mod h1:LzIPMQfyMNhhGPhUkYOs5KpL4U8rLKemX1yGLhDgUto=
golang.org/x/crypto v0.0.0-20201221181555-eec23a3978ad h1:DN0cp81fZ3njFcrLCytUHRSUkqBjfTo4Tx9RJTWs0EY=
golang.org/x/crypto v0.0.0-20201221181555-eec23a3978ad/go.mod h1:jdWPYTVW3xRLrWPugEBEK3UY2ZEsg3UU495nc5E+M+I=
golang.org/x/image v0.0.0-20191009234506-e7c1f5e7dbb8 h1:hVwzHzIUGRjiF7EcUjqNxk3NCfkPxbDKRdnNE1Rpg0U=
golang.org/x/image v0.0.0-20191009234506-e7c1f5e7dbb8/go.mod h1:FeLwcggjj3mMvU+oOTbSwawSJRM1uh48EjtB4UJZlP0=
golang.org/x/image v0.0.0-20201208152932-35266b937fa6 h1:nfeHNc1nAqecKCy2FCy4HY+soOOe5sDLJ/gZLbx6GYI=
golang.org/x/image v0.0.0-20201208152932-35266b937fa6/go.mod h1:FeLwcggjj3mMvU+oOTbSwawSJRM1uh48EjtB4UJZlP0=
golang.org/x/net v0.0.0-20190404232315-eb5bcb51f2a3/go.mod h1:t9HGtf8HONx5eT2rtn7q6eTqICYqUVnKs3thJo3Qplg=
golang.org/x/sys v0.0.0-20190215142949-d0b11bdaac8a/go.mod h1:STP8DvDyc/dI5b8T5hshtkjS+E42TnysNCUPdjciGhY=
golang.org/x/sys v0.0.0-20190412213103-97732733099d h1:+R4KGOnez64A81RvjARKc4UT5/tI9ujCIVX+P5KiHuI=
golang.org/x/sys v0.0.0-20190412213103-97732733099d/go.mod h1:h1NjWce9XRLGQEsW7wpKNCjG9DtNlClVuFLEZdDNbEs=
golang.org/x/sys v0.0.0-20191026070338-33540a1f6037/go.mod h1:h1NjWce9XRLGQEsW7wpKNCjG9DtNlClVuFLEZdDNbEs=
golang.org/x/sys v0.0.0-20210122093101-04d7465088b8 h1:de2yTH1xuxjmGB7i6Z5o2z3RCHVa0XlpSZzjd8Fe6bE=
golang.org/x/sys v0.0.0-20210122093101-04d7465088b8/go.mod h1:h1NjWce9XRLGQEsW7wpKNCjG9DtNlClVuFLEZdDNbEs=
golang.org/x/term v0.0.0-20201117132131-f5c789dd3221/go.mod h1:Nr5EML6q2oocZ2LXRh80K7BxOlk5/8JxuGnuhpl+muw=
golang.org/x/text v0.3.0/go.mod h1:NqM8EUOU14njkJ3fqMW+pc6Ldnwhi/IjpwHt7yyuwOQ=
