{
    "name": "app",
    "lockfileVersion": 3,
    "requires": true,
    "packages": {
        "": {
            "name": "app",
            "dependencies": {
                "@nicolasparada/store": "~0.4.0",
                "@textcomplete/core": "~0.1.0",
                "@textcomplete/textarea": "~0.1.0",
                "dialog-polyfill": "~0.5.0",
                "emoji-picker-element": "^1.18.0",
                "fetch-jsonp": "^1.3.0",
                "haunted": "^5.0.0",
                "linkify-plugin-hashtag": "^4.1.0",
                "linkify-plugin-mention": "^4.1.0",
                "linkify-string": "^4.1.0",
                "linkifyjs": "^4.1.0",
                "lit-html": "^2.8.0",
                "lit-translate": "^2.0.0",
                "medium-zoom": "^1.0.0",
                "zooming": "^2.1.0"
            },
            "devDependencies": {
                "vite": "^4.5.0"
            }
        },
        "node_modules/@esbuild/darwin-arm64": {
            "version": "0.18.20",
            "cpu": [
                "arm64"
            ],
            "dev": true,
            "license": "MIT",
            "optional": true,
            "os": [
                "darwin"
            ],
            "engines": {
                "node": ">=12"
            }
        },
        "node_modules/@lit-labs/ssr-dom-shim": {
            "version": "1.1.1",
            "license": "BSD-3-Clause"
        },
        "node_modules/@lit/reactive-element": {
            "version": "1.6.3",
            "license": "BSD-3-Clause",
            "dependencies": {
                "@lit-labs/ssr-dom-shim": "^1.0.0"
            }
        },
        "node_modules/@nicolasparada/store": {
            "version": "0.4.0",
            "license": "ISC"
        },
        "node_modules/@textcomplete/core": {
            "version": "0.1.12",
            "license": "MIT",
            "dependencies": {
                "eventemitter3": "^4.0.4"
            }
        },
        "node_modules/@textcomplete/textarea": {
            "version": "0.1.12",
            "license": "MIT",
            "dependencies": {
                "@textcomplete/utils": "^0.1.11",
                "textarea-caret": "^3.1.0",
                "undate": "^0.3.0"
            },
            "peerDependencies": {
                "@textcomplete/core": "^0.1.9"
            }
        },
        "node_modules/@textcomplete/utils": {
            "version": "0.1.12",
            "license": "MIT"
        },
        "node_modules/@types/trusted-types": {
            "version": "2.0.3",
            "license": "MIT"
        },
        "node_modules/dialog-polyfill": {
            "version": "0.5.6",
            "license": "BSD"
        },
        "node_modules/emoji-picker-element": {
            "version": "1.18.3",
            "license": "Apache-2.0"
        },
        "node_modules/esbuild": {
            "version": "0.18.20",
            "dev": true,
            "hasInstallScript": true,
            "license": "MIT",
            "bin": {
                "esbuild": "bin/esbuild"
            },
            "engines": {
                "node": ">=12"
            },
            "optionalDependencies": {
                "@esbuild/android-arm": "0.18.20",
                "@esbuild/android-arm64": "0.18.20",
                "@esbuild/android-x64": "0.18.20",
                "@esbuild/darwin-arm64": "0.18.20",
                "@esbuild/darwin-x64": "0.18.20",
                "@esbuild/freebsd-arm64": "0.18.20",
                "@esbuild/freebsd-x64": "0.18.20",
                "@esbuild/linux-arm": "0.18.20",
                "@esbuild/linux-arm64": "0.18.20",
                "@esbuild/linux-ia32": "0.18.20",
                "@esbuild/linux-loong64": "0.18.20",
                "@esbuild/linux-mips64el": "0.18.20",
                "@esbuild/linux-ppc64": "0.18.20",
                "@esbuild/linux-riscv64": "0.18.20",
                "@esbuild/linux-s390x": "0.18.20",
                "@esbuild/linux-x64": "0.18.20",
                "@esbuild/netbsd-x64": "0.18.20",
                "@esbuild/openbsd-x64": "0.18.20",
                "@esbuild/sunos-x64": "0.18.20",
                "@esbuild/win32-arm64": "0.18.20",
                "@esbuild/win32-ia32": "0.18.20",
                "@esbuild/win32-x64": "0.18.20"
            }
        },
        "node_modules/eventemitter3": {
            "version": "4.0.7",
            "license": "MIT"
        },
        "node_modules/fetch-jsonp": {
            "version": "1.3.0",
            "license": "MIT"
        },
        "node_modules/fsevents": {
            "version": "2.3.2",
            "dev": true,
            "license": "MIT",
            "optional": true,
            "os": [
                "darwin"
            ],
            "engines": {
                "node": "^8.16.0 || ^10.6.0 || >=11.0.0"
            }
        },
        "node_modules/haunted": {
            "version": "5.0.0",
            "license": "BSD-2-Clause",
            "dependencies": {
                "lit": "^2.0.0"
            }
        },
        "node_modules/linkify-plugin-hashtag": {
            "version": "4.1.1",
            "license": "MIT",
            "peerDependencies": {
                "linkifyjs": "^4.0.0"
            }
        },
        "node_modules/linkify-plugin-mention": {
            "version": "4.1.1",
            "license": "MIT",
            "peerDependencies": {
                "linkifyjs": "^4.0.0"
            }
        },
        "node_modules/linkify-string": {
            "version": "4.1.1",
            "license": "MIT",
            "peerDependencies": {
                "linkifyjs": "^4.0.0"
            }
        },
        "node_modules/linkifyjs": {
            "version": "4.1.1",
            "license": "MIT"
        },
        "node_modules/lit": {
            "version": "2.8.0",
            "license": "BSD-3-Clause",
            "dependencies": {
                "@lit/reactive-element": "^1.6.0",
                "lit-element": "^3.3.0",
                "lit-html": "^2.8.0"
            }
        },
        "node_modules/lit-element": {
            "version": "3.3.3",
            "license": "BSD-3-Clause",
            "dependencies": {
                "@lit-labs/ssr-dom-shim": "^1.1.0",
                "@lit/reactive-element": "^1.3.0",
                "lit-html": "^2.8.0"
            }
        },
        "node_modules/lit-html": {
            "version": "2.8.0",
            "license": "BSD-3-Clause",
            "dependencies": {
                "@types/trusted-types": "^2.0.2"
            }
        },
        "node_modules/lit-translate": {
            "version": "2.0.1",
            "license": "MIT",
            "dependencies": {
                "lit": "^2.2.2"
            }
        },
        "node_modules/medium-zoom": {
            "version": "1.0.8",
            "license": "MIT"
        },
        "node_modules/nanoid": {
            "version": "3.3.6",
            "dev": true,
            "funding": [
                {
                    "type": "github",
                    "url": "https://github.com/sponsors/ai"
                }
            ],
            "license": "MIT",
            "bin": {
                "nanoid": "bin/nanoid.cjs"
            },
            "engines": {
                "node": "^10 || ^12 || ^13.7 || ^14 || >=15.0.1"
            }
        },
        "node_modules/picocolors": {
            "version": "1.0.0",
            "dev": true,
            "license": "ISC"
        },
        "node_modules/postcss": {
            "version": "8.4.31",
            "resolved": "https://registry.npmjs.org/postcss/-/postcss-8.4.31.tgz",
            "integrity": "sha512-PS08Iboia9mts/2ygV3eLpY5ghnUcfLV/EXTOW1E2qYxJKGGBUtNjN76FYHnMs36RmARn41bC0AZmn+rR0OVpQ==",
            "dev": true,
            "funding": [
                {
                    "type": "opencollective",
                    "url": "https://opencollective.com/postcss/"
                },
                {
                    "type": "tidelift",
                    "url": "https://tidelift.com/funding/github/npm/postcss"
                },
                {
                    "type": "github",
                    "url": "https://github.com/sponsors/ai"
                }
            ],
            "dependencies": {
                "nanoid": "^3.3.6",
                "picocolors": "^1.0.0",
                "source-map-js": "^1.0.2"
            },
            "engines": {
                "node": "^10 || ^12 || >=14"
            }
        },
        "node_modules/rollup": {
            "version": "3.28.0",
            "dev": true,
            "license": "MIT",
            "bin": {
                "rollup": "dist/bin/rollup"
            },
            "engines": {
                "node": ">=14.18.0",
                "npm": ">=8.0.0"
            },
            "optionalDependencies": {
                "fsevents": "~2.3.2"
            }
        },
        "node_modules/source-map-js": {
            "version": "1.0.2",
            "dev": true,
            "license": "BSD-3-Clause",
            "engines": {
                "node": ">=0.10.0"
            }
        },
        "node_modules/textarea-caret": {
            "version": "3.1.0",
            "license": "MIT"
        },
        "node_modules/undate": {
            "version": "0.3.0",
            "license": "MIT"
        },
        "node_modules/vite": {
            "version": "4.5.0",
            "resolved": "https://registry.npmjs.org/vite/-/vite-4.5.0.tgz",
            "integrity": "sha512-ulr8rNLA6rkyFAlVWw2q5YJ91v098AFQ2R0PRFwPzREXOUJQPtFUG0t+/ZikhaOCDqFoDhN6/v8Sq0o4araFAw==",
            "dev": true,
            "dependencies": {
                "esbuild": "^0.18.10",
                "postcss": "^8.4.27",
                "rollup": "^3.27.1"
            },
            "bin": {
                "vite": "bin/vite.js"
            },
            "engines": {
                "node": "^14.18.0 || >=16.0.0"
            },
            "funding": {
                "url": "https://github.com/vitejs/vite?sponsor=1"
            },
            "optionalDependencies": {
                "fsevents": "~2.3.2"
            },
            "peerDependencies": {
                "@types/node": ">= 14",
                "less": "*",
                "lightningcss": "^1.21.0",
                "sass": "*",
                "stylus": "*",
                "sugarss": "*",
                "terser": "^5.4.0"
            },
            "peerDependenciesMeta": {
                "@types/node": {
                    "optional": true
                },
                "less": {
                    "optional": true
                },
                "lightningcss": {
                    "optional": true
                },
                "sass": {
                    "optional": true
                },
                "stylus": {
                    "optional": true
                },
                "sugarss": {
                    "optional": true
                },
                "terser": {
                    "optional": true
                }
            }
        },
        "node_modules/zooming": {
            "version": "2.1.1",
            "license": "MIT"
        }
    }
}
