{
    "name": "app",
    "lockfileVersion": 3,
    "requires": true,
    "packages": {
        "": {
            "dependencies": {
                "@nicolasparada/store": "~0.4.0",
                "@textcomplete/core": "~0.1.0",
                "@textcomplete/textarea": "~0.1.0",
                "dialog-polyfill": "~0.5.0",
                "emoji-picker-element": "^1.22.0",
                "fetch-jsonp": "^1.3.0",
                "haunted": "^5.0.0",
                "linkify-plugin-hashtag": "^4.1.0",
                "linkify-plugin-mention": "^4.1.0",
                "linkify-string": "^4.1.0",
                "linkifyjs": "^4.1.0",
                "lit": "^2.8.0",
                "lit-translate": "^2.0.0",
                "medium-zoom": "^1.1.0"
            },
            "devDependencies": {
                "vite": "^5.4.0"
            }
        },
        "node_modules/@esbuild/darwin-arm64": {
            "version": "0.21.5",
            "cpu": [
                "arm64"
            ],
            "dev": true,
            "license": "MIT",
            "optional": true,
            "os": [
                "darwin"
            ],
            "engines": {
                "node": ">=12"
            }
        },
        "node_modules/@lit-labs/ssr-dom-shim": {
            "version": "1.2.1",
            "resolved": "https://registry.npmjs.org/@lit-labs/ssr-dom-shim/-/ssr-dom-shim-1.2.1.tgz",
            "integrity": "sha512-wx4aBmgeGvFmOKucFKY+8VFJSYZxs9poN3SDNQFF6lT6NrQUnHiPB2PWz2sc4ieEcAaYYzN+1uWahEeTq2aRIQ==",
            "license": "BSD-3-Clause"
        },
        "node_modules/@lit/reactive-element": {
            "version": "1.6.3",
            "resolved": "https://registry.npmjs.org/@lit/reactive-element/-/reactive-element-1.6.3.tgz",
            "integrity": "sha512-QuTgnG52Poic7uM1AN5yJ09QMe0O28e10XzSvWDz02TJiiKee4stsiownEIadWm8nYzyDAyT+gKzUoZmiWQtsQ==",
            "license": "BSD-3-Clause",
            "dependencies": {
                "@lit-labs/ssr-dom-shim": "^1.0.0"
            }
        },
        "node_modules/@nicolasparada/store": {
            "version": "0.4.0",
            "license": "ISC"
        },
        "node_modules/@rollup/rollup-darwin-arm64": {
            "version": "4.22.4",
            "cpu": [
                "arm64"
            ],
            "dev": true,
            "license": "MIT",
            "optional": true,
            "os": [
                "darwin"
            ]
        },
        "node_modules/@textcomplete/core": {
            "version": "0.1.13",
            "license": "MIT",
            "dependencies": {
                "eventemitter3": "^5.0.1"
            }
        },
        "node_modules/@textcomplete/textarea": {
            "version": "0.1.13",
            "license": "MIT",
            "dependencies": {
                "@textcomplete/utils": "^0.1.13",
                "textarea-caret": "^3.1.0",
                "undate": "^0.3.0"
            },
            "peerDependencies": {
                "@textcomplete/core": "^0.1.12"
            }
        },
        "node_modules/@textcomplete/utils": {
            "version": "0.1.13",
            "license": "MIT"
        },
        "node_modules/@types/estree": {
            "version": "1.0.5",
            "dev": true,
            "license": "MIT"
        },
        "node_modules/@types/trusted-types": {
            "version": "2.0.7",
            "resolved": "https://registry.npmjs.org/@types/trusted-types/-/trusted-types-2.0.7.tgz",
            "integrity": "sha512-ScaPdn1dQczgbl0QFTeTOmVHFULt394XJgOQNoyVhZ6r2vLnMLJfBPd53SB52T/3G36VI1/g2MZaX0cwDuXsfw==",
            "license": "MIT"
        },
        "node_modules/dialog-polyfill": {
            "version": "0.5.6",
            "license": "BSD"
        },
        "node_modules/emoji-picker-element": {
            "version": "1.22.8",
            "license": "Apache-2.0"
        },
        "node_modules/esbuild": {
            "version": "0.21.5",
            "dev": true,
            "hasInstallScript": true,
            "license": "MIT",
            "bin": {
                "esbuild": "bin/esbuild"
            },
            "engines": {
                "node": ">=12"
            },
            "optionalDependencies": {
                "@esbuild/aix-ppc64": "0.21.5",
                "@esbuild/android-arm": "0.21.5",
                "@esbuild/android-arm64": "0.21.5",
                "@esbuild/android-x64": "0.21.5",
                "@esbuild/darwin-arm64": "0.21.5",
                "@esbuild/darwin-x64": "0.21.5",
                "@esbuild/freebsd-arm64": "0.21.5",
                "@esbuild/freebsd-x64": "0.21.5",
                "@esbuild/linux-arm": "0.21.5",
                "@esbuild/linux-arm64": "0.21.5",
                "@esbuild/linux-ia32": "0.21.5",
                "@esbuild/linux-loong64": "0.21.5",
                "@esbuild/linux-mips64el": "0.21.5",
                "@esbuild/linux-ppc64": "0.21.5",
                "@esbuild/linux-riscv64": "0.21.5",
                "@esbuild/linux-s390x": "0.21.5",
                "@esbuild/linux-x64": "0.21.5",
                "@esbuild/netbsd-x64": "0.21.5",
                "@esbuild/openbsd-x64": "0.21.5",
                "@esbuild/sunos-x64": "0.21.5",
                "@esbuild/win32-arm64": "0.21.5",
                "@esbuild/win32-ia32": "0.21.5",
                "@esbuild/win32-x64": "0.21.5"
            }
        },
        "node_modules/eventemitter3": {
            "version": "5.0.1",
            "license": "MIT"
        },
        "node_modules/fetch-jsonp": {
            "version": "1.3.0",
            "license": "MIT"
        },
        "node_modules/fsevents": {
            "version": "2.3.3",
            "dev": true,
            "license": "MIT",
            "optional": true,
            "os": [
                "darwin"
            ],
            "engines": {
                "node": "^8.16.0 || ^10.6.0 || >=11.0.0"
            }
        },
        "node_modules/haunted": {
            "version": "5.0.0",
            "license": "BSD-2-Clause",
            "dependencies": {
                "lit": "^2.0.0"
            }
        },
        "node_modules/linkify-plugin-hashtag": {
            "version": "4.1.3",
            "license": "MIT",
            "peerDependencies": {
                "linkifyjs": "^4.0.0"
            }
        },
        "node_modules/linkify-plugin-mention": {
            "version": "4.1.3",
            "license": "MIT",
            "peerDependencies": {
                "linkifyjs": "^4.0.0"
            }
        },
        "node_modules/linkify-string": {
            "version": "4.1.3",
            "license": "MIT",
            "peerDependencies": {
                "linkifyjs": "^4.0.0"
            }
        },
        "node_modules/linkifyjs": {
            "version": "4.1.3",
            "license": "MIT"
        },
        "node_modules/lit": {
            "version": "2.8.0",
            "resolved": "https://registry.npmjs.org/lit/-/lit-2.8.0.tgz",
            "integrity": "sha512-4Sc3OFX9QHOJaHbmTMk28SYgVxLN3ePDjg7hofEft2zWlehFL3LiAuapWc4U/kYwMYJSh2hTCPZ6/LIC7ii0MA==",
            "license": "BSD-3-Clause",
            "dependencies": {
                "@lit/reactive-element": "^1.6.0",
                "lit-element": "^3.3.0",
                "lit-html": "^2.8.0"
            }
        },
        "node_modules/lit-element": {
            "version": "3.3.3",
            "resolved": "https://registry.npmjs.org/lit-element/-/lit-element-3.3.3.tgz",
            "integrity": "sha512-XbeRxmTHubXENkV4h8RIPyr8lXc+Ff28rkcQzw3G6up2xg5E8Zu1IgOWIwBLEQsu3cOVFqdYwiVi0hv0SlpqUA==",
            "license": "BSD-3-Clause",
            "dependencies": {
                "@lit-labs/ssr-dom-shim": "^1.1.0",
                "@lit/reactive-element": "^1.3.0",
                "lit-html": "^2.8.0"
            }
        },
        "node_modules/lit-html": {
            "version": "2.8.0",
            "resolved": "https://registry.npmjs.org/lit-html/-/lit-html-2.8.0.tgz",
            "integrity": "sha512-o9t+MQM3P4y7M7yNzqAyjp7z+mQGa4NS4CxiyLqFPyFWyc4O+nodLrkrxSaCTrla6M5YOLaT3RpbbqjszB5g3Q==",
            "license": "BSD-3-Clause",
            "dependencies": {
                "@types/trusted-types": "^2.0.2"
            }
        },
        "node_modules/lit-translate": {
            "version": "2.0.1",
            "license": "MIT",
            "dependencies": {
                "lit": "^2.2.2"
            }
        },
        "node_modules/medium-zoom": {
            "version": "1.1.0",
            "license": "MIT"
        },
        "node_modules/nanoid": {
            "version": "3.3.7",
            "dev": true,
            "funding": [
                {
                    "type": "github",
                    "url": "https://github.com/sponsors/ai"
                }
            ],
            "license": "MIT",
            "bin": {
                "nanoid": "bin/nanoid.cjs"
            },
            "engines": {
                "node": "^10 || ^12 || ^13.7 || ^14 || >=15.0.1"
            }
        },
        "node_modules/picocolors": {
            "version": "1.1.0",
            "dev": true,
            "license": "ISC"
        },
        "node_modules/postcss": {
            "version": "8.4.47",
            "dev": true,
            "funding": [
                {
                    "type": "opencollective",
                    "url": "https://opencollective.com/postcss/"
                },
                {
                    "type": "tidelift",
                    "url": "https://tidelift.com/funding/github/npm/postcss"
                },
                {
                    "type": "github",
                    "url": "https://github.com/sponsors/ai"
                }
            ],
            "license": "MIT",
            "dependencies": {
                "nanoid": "^3.3.7",
                "picocolors": "^1.1.0",
                "source-map-js": "^1.2.1"
            },
            "engines": {
                "node": "^10 || ^12 || >=14"
            }
        },
        "node_modules/rollup": {
            "version": "4.22.4",
            "dev": true,
            "license": "MIT",
            "dependencies": {
                "@types/estree": "1.0.5"
            },
            "bin": {
                "rollup": "dist/bin/rollup"
            },
            "engines": {
                "node": ">=18.0.0",
                "npm": ">=8.0.0"
            },
            "optionalDependencies": {
                "@rollup/rollup-android-arm-eabi": "4.22.4",
                "@rollup/rollup-android-arm64": "4.22.4",
                "@rollup/rollup-darwin-arm64": "4.22.4",
                "@rollup/rollup-darwin-x64": "4.22.4",
                "@rollup/rollup-linux-arm-gnueabihf": "4.22.4",
                "@rollup/rollup-linux-arm-musleabihf": "4.22.4",
                "@rollup/rollup-linux-arm64-gnu": "4.22.4",
                "@rollup/rollup-linux-arm64-musl": "4.22.4",
                "@rollup/rollup-linux-powerpc64le-gnu": "4.22.4",
                "@rollup/rollup-linux-riscv64-gnu": "4.22.4",
                "@rollup/rollup-linux-s390x-gnu": "4.22.4",
                "@rollup/rollup-linux-x64-gnu": "4.22.4",
                "@rollup/rollup-linux-x64-musl": "4.22.4",
                "@rollup/rollup-win32-arm64-msvc": "4.22.4",
                "@rollup/rollup-win32-ia32-msvc": "4.22.4",
                "@rollup/rollup-win32-x64-msvc": "4.22.4",
                "fsevents": "~2.3.2"
            }
        },
        "node_modules/source-map-js": {
            "version": "1.2.1",
            "dev": true,
            "license": "BSD-3-Clause",
            "engines": {
                "node": ">=0.10.0"
            }
        },
        "node_modules/textarea-caret": {
            "version": "3.1.0",
            "license": "MIT"
        },
        "node_modules/undate": {
            "version": "0.3.0",
            "license": "MIT"
        },
        "node_modules/vite": {
            "version": "5.4.8",
            "dev": true,
            "license": "MIT",
            "dependencies": {
                "esbuild": "^0.21.3",
                "postcss": "^8.4.43",
                "rollup": "^4.20.0"
            },
            "bin": {
                "vite": "bin/vite.js"
            },
            "engines": {
                "node": "^18.0.0 || >=20.0.0"
            },
            "funding": {
                "url": "https://github.com/vitejs/vite?sponsor=1"
            },
            "optionalDependencies": {
                "fsevents": "~2.3.3"
            },
            "peerDependencies": {
                "@types/node": "^18.0.0 || >=20.0.0",
                "less": "*",
                "lightningcss": "^1.21.0",
                "sass": "*",
                "sass-embedded": "*",
                "stylus": "*",
                "sugarss": "*",
                "terser": "^5.4.0"
            },
            "peerDependenciesMeta": {
                "@types/node": {
                    "optional": true
                },
                "less": {
                    "optional": true
                },
                "lightningcss": {
                    "optional": true
                },
                "sass": {
                    "optional": true
                },
                "sass-embedded": {
                    "optional": true
                },
                "stylus": {
                    "optional": true
                },
                "sugarss": {
                    "optional": true
                },
                "terser": {
                    "optional": true
                }
            }
        }
    }
}
