{
    "name": "app",
    "lockfileVersion": 3,
    "requires": true,
    "packages": {
        "": {
            "dependencies": {
                "@nicolasparada/store": "~0.4.0",
                "@textcomplete/core": "~0.1.0",
                "@textcomplete/textarea": "~0.1.0",
                "dialog-polyfill": "~0.5.0",
                "emoji-picker-element": "^1.19.0",
                "fetch-jsonp": "^1.3.0",
                "haunted": "^5.0.0",
                "linkify-plugin-hashtag": "^4.1.0",
                "linkify-plugin-mention": "^4.1.0",
                "linkify-string": "^4.1.0",
                "linkifyjs": "^4.1.0",
                "lit": "^2.8.0",
                "lit-translate": "^2.0.0",
                "medium-zoom": "^1.1.0"
            },
            "devDependencies": {
                "vite": "^5.0.5"
            }
        },
        "node_modules/@esbuild/android-arm": {
            "version": "0.19.6",
            "resolved": "https://registry.npmjs.org/@esbuild/android-arm/-/android-arm-0.19.6.tgz",
            "integrity": "sha512-muPzBqXJKCbMYoNbb1JpZh/ynl0xS6/+pLjrofcR3Nad82SbsCogYzUE6Aq9QT3cLP0jR/IVK/NHC9b90mSHtg==",
            "cpu": [
                "arm"
            ],
            "dev": true,
            "optional": true,
            "os": [
                "android"
            ],
            "engines": {
                "node": ">=12"
            }
        },
        "node_modules/@esbuild/android-arm64": {
            "version": "0.19.6",
            "resolved": "https://registry.npmjs.org/@esbuild/android-arm64/-/android-arm64-0.19.6.tgz",
            "integrity": "sha512-KQ/hbe9SJvIJ4sR+2PcZ41IBV+LPJyYp6V1K1P1xcMRup9iYsBoQn4MzE3mhMLOld27Au2eDcLlIREeKGUXpHQ==",
            "cpu": [
                "arm64"
            ],
            "dev": true,
            "optional": true,
            "os": [
                "android"
            ],
            "engines": {
                "node": ">=12"
            }
        },
        "node_modules/@esbuild/android-x64": {
            "version": "0.19.6",
            "resolved": "https://registry.npmjs.org/@esbuild/android-x64/-/android-x64-0.19.6.tgz",
            "integrity": "sha512-VVJVZQ7p5BBOKoNxd0Ly3xUM78Y4DyOoFKdkdAe2m11jbh0LEU4bPles4e/72EMl4tapko8o915UalN/5zhspg==",
            "cpu": [
                "x64"
            ],
            "dev": true,
            "optional": true,
            "os": [
                "android"
            ],
            "engines": {
                "node": ">=12"
            }
        },
        "node_modules/@esbuild/darwin-arm64": {
            "version": "0.19.6",
            "resolved": "https://registry.npmjs.org/@esbuild/darwin-arm64/-/darwin-arm64-0.19.6.tgz",
            "integrity": "sha512-91LoRp/uZAKx6ESNspL3I46ypwzdqyDLXZH7x2QYCLgtnaU08+AXEbabY2yExIz03/am0DivsTtbdxzGejfXpA==",
            "cpu": [
                "arm64"
            ],
            "dev": true,
            "optional": true,
            "os": [
                "darwin"
            ],
            "engines": {
                "node": ">=12"
            }
        },
        "node_modules/@esbuild/darwin-x64": {
            "version": "0.19.6",
            "resolved": "https://registry.npmjs.org/@esbuild/darwin-x64/-/darwin-x64-0.19.6.tgz",
            "integrity": "sha512-QCGHw770ubjBU1J3ZkFJh671MFajGTYMZumPs9E/rqU52md6lIil97BR0CbPq6U+vTh3xnTNDHKRdR8ggHnmxQ==",
            "cpu": [
                "x64"
            ],
            "dev": true,
            "optional": true,
            "os": [
                "darwin"
            ],
            "engines": {
                "node": ">=12"
            }
        },
        "node_modules/@esbuild/freebsd-arm64": {
            "version": "0.19.6",
            "resolved": "https://registry.npmjs.org/@esbuild/freebsd-arm64/-/freebsd-arm64-0.19.6.tgz",
            "integrity": "sha512-J53d0jGsDcLzWk9d9SPmlyF+wzVxjXpOH7jVW5ae7PvrDst4kiAz6sX+E8btz0GB6oH12zC+aHRD945jdjF2Vg==",
            "cpu": [
                "arm64"
            ],
            "dev": true,
            "optional": true,
            "os": [
                "freebsd"
            ],
            "engines": {
                "node": ">=12"
            }
        },
        "node_modules/@esbuild/freebsd-x64": {
            "version": "0.19.6",
            "resolved": "https://registry.npmjs.org/@esbuild/freebsd-x64/-/freebsd-x64-0.19.6.tgz",
            "integrity": "sha512-hn9qvkjHSIB5Z9JgCCjED6YYVGCNpqB7dEGavBdG6EjBD8S/UcNUIlGcB35NCkMETkdYwfZSvD9VoDJX6VeUVA==",
            "cpu": [
                "x64"
            ],
            "dev": true,
            "optional": true,
            "os": [
                "freebsd"
            ],
            "engines": {
                "node": ">=12"
            }
        },
        "node_modules/@esbuild/linux-arm": {
            "version": "0.19.6",
            "resolved": "https://registry.npmjs.org/@esbuild/linux-arm/-/linux-arm-0.19.6.tgz",
            "integrity": "sha512-G8IR5zFgpXad/Zp7gr7ZyTKyqZuThU6z1JjmRyN1vSF8j0bOlGzUwFSMTbctLAdd7QHpeyu0cRiuKrqK1ZTwvQ==",
            "cpu": [
                "arm"
            ],
            "dev": true,
            "optional": true,
            "os": [
                "linux"
            ],
            "engines": {
                "node": ">=12"
            }
        },
        "node_modules/@esbuild/linux-arm64": {
            "version": "0.19.6",
            "resolved": "https://registry.npmjs.org/@esbuild/linux-arm64/-/linux-arm64-0.19.6.tgz",
            "integrity": "sha512-HQCOrk9XlH3KngASLaBfHpcoYEGUt829A9MyxaI8RMkfRA8SakG6YQEITAuwmtzFdEu5GU4eyhKcpv27dFaOBg==",
            "cpu": [
                "arm64"
            ],
            "dev": true,
            "optional": true,
            "os": [
                "linux"
            ],
            "engines": {
                "node": ">=12"
            }
        },
        "node_modules/@esbuild/linux-ia32": {
            "version": "0.19.6",
            "resolved": "https://registry.npmjs.org/@esbuild/linux-ia32/-/linux-ia32-0.19.6.tgz",
            "integrity": "sha512-22eOR08zL/OXkmEhxOfshfOGo8P69k8oKHkwkDrUlcB12S/sw/+COM4PhAPT0cAYW/gpqY2uXp3TpjQVJitz7w==",
            "cpu": [
                "ia32"
            ],
            "dev": true,
            "optional": true,
            "os": [
                "linux"
            ],
            "engines": {
                "node": ">=12"
            }
        },
        "node_modules/@esbuild/linux-loong64": {
            "version": "0.19.6",
            "resolved": "https://registry.npmjs.org/@esbuild/linux-loong64/-/linux-loong64-0.19.6.tgz",
            "integrity": "sha512-82RvaYAh/SUJyjWA8jDpyZCHQjmEggL//sC7F3VKYcBMumQjUL3C5WDl/tJpEiKtt7XrWmgjaLkrk205zfvwTA==",
            "cpu": [
                "loong64"
            ],
            "dev": true,
            "optional": true,
            "os": [
                "linux"
            ],
            "engines": {
                "node": ">=12"
            }
        },
        "node_modules/@esbuild/linux-mips64el": {
            "version": "0.19.6",
            "resolved": "https://registry.npmjs.org/@esbuild/linux-mips64el/-/linux-mips64el-0.19.6.tgz",
            "integrity": "sha512-8tvnwyYJpR618vboIv2l8tK2SuK/RqUIGMfMENkeDGo3hsEIrpGldMGYFcWxWeEILe5Fi72zoXLmhZ7PR23oQA==",
            "cpu": [
                "mips64el"
            ],
            "dev": true,
            "optional": true,
            "os": [
                "linux"
            ],
            "engines": {
                "node": ">=12"
            }
        },
        "node_modules/@esbuild/linux-ppc64": {
            "version": "0.19.6",
            "resolved": "https://registry.npmjs.org/@esbuild/linux-ppc64/-/linux-ppc64-0.19.6.tgz",
            "integrity": "sha512-Qt+D7xiPajxVNk5tQiEJwhmarNnLPdjXAoA5uWMpbfStZB0+YU6a3CtbWYSy+sgAsnyx4IGZjWsTzBzrvg/fMA==",
            "cpu": [
                "ppc64"
            ],
            "dev": true,
            "optional": true,
            "os": [
                "linux"
            ],
            "engines": {
                "node": ">=12"
            }
        },
        "node_modules/@esbuild/linux-riscv64": {
            "version": "0.19.6",
            "resolved": "https://registry.npmjs.org/@esbuild/linux-riscv64/-/linux-riscv64-0.19.6.tgz",
            "integrity": "sha512-lxRdk0iJ9CWYDH1Wpnnnc640ajF4RmQ+w6oHFZmAIYu577meE9Ka/DCtpOrwr9McMY11ocbp4jirgGgCi7Ls/g==",
            "cpu": [
                "riscv64"
            ],
            "dev": true,
            "optional": true,
            "os": [
                "linux"
            ],
            "engines": {
                "node": ">=12"
            }
        },
        "node_modules/@esbuild/linux-s390x": {
            "version": "0.19.6",
            "resolved": "https://registry.npmjs.org/@esbuild/linux-s390x/-/linux-s390x-0.19.6.tgz",
            "integrity": "sha512-MopyYV39vnfuykHanRWHGRcRC3AwU7b0QY4TI8ISLfAGfK+tMkXyFuyT1epw/lM0pflQlS53JoD22yN83DHZgA==",
            "cpu": [
                "s390x"
            ],
            "dev": true,
            "optional": true,
            "os": [
                "linux"
            ],
            "engines": {
                "node": ">=12"
            }
        },
        "node_modules/@esbuild/linux-x64": {
            "version": "0.19.6",
            "resolved": "https://registry.npmjs.org/@esbuild/linux-x64/-/linux-x64-0.19.6.tgz",
            "integrity": "sha512-UWcieaBzsN8WYbzFF5Jq7QULETPcQvlX7KL4xWGIB54OknXJjBO37sPqk7N82WU13JGWvmDzFBi1weVBajPovg==",
            "cpu": [
                "x64"
            ],
            "dev": true,
            "optional": true,
            "os": [
                "linux"
            ],
            "engines": {
                "node": ">=12"
            }
        },
        "node_modules/@esbuild/netbsd-x64": {
            "version": "0.19.6",
            "resolved": "https://registry.npmjs.org/@esbuild/netbsd-x64/-/netbsd-x64-0.19.6.tgz",
            "integrity": "sha512-EpWiLX0fzvZn1wxtLxZrEW+oQED9Pwpnh+w4Ffv8ZLuMhUoqR9q9rL4+qHW8F4Mg5oQEKxAoT0G+8JYNqCiR6g==",
            "cpu": [
                "x64"
            ],
            "dev": true,
            "optional": true,
            "os": [
                "netbsd"
            ],
            "engines": {
                "node": ">=12"
            }
        },
        "node_modules/@esbuild/openbsd-x64": {
            "version": "0.19.6",
            "resolved": "https://registry.npmjs.org/@esbuild/openbsd-x64/-/openbsd-x64-0.19.6.tgz",
            "integrity": "sha512-fFqTVEktM1PGs2sLKH4M5mhAVEzGpeZJuasAMRnvDZNCV0Cjvm1Hu35moL2vC0DOrAQjNTvj4zWrol/lwQ8Deg==",
            "cpu": [
                "x64"
            ],
            "dev": true,
            "optional": true,
            "os": [
                "openbsd"
            ],
            "engines": {
                "node": ">=12"
            }
        },
        "node_modules/@esbuild/sunos-x64": {
            "version": "0.19.6",
            "resolved": "https://registry.npmjs.org/@esbuild/sunos-x64/-/sunos-x64-0.19.6.tgz",
            "integrity": "sha512-M+XIAnBpaNvaVAhbe3uBXtgWyWynSdlww/JNZws0FlMPSBy+EpatPXNIlKAdtbFVII9OpX91ZfMb17TU3JKTBA==",
            "cpu": [
                "x64"
            ],
            "dev": true,
            "optional": true,
            "os": [
                "sunos"
            ],
            "engines": {
                "node": ">=12"
            }
        },
        "node_modules/@esbuild/win32-arm64": {
            "version": "0.19.6",
            "resolved": "https://registry.npmjs.org/@esbuild/win32-arm64/-/win32-arm64-0.19.6.tgz",
            "integrity": "sha512-2DchFXn7vp/B6Tc2eKdTsLzE0ygqKkNUhUBCNtMx2Llk4POIVMUq5rUYjdcedFlGLeRe1uLCpVvCmE+G8XYybA==",
            "cpu": [
                "arm64"
            ],
            "dev": true,
            "optional": true,
            "os": [
                "win32"
            ],
            "engines": {
                "node": ">=12"
            }
        },
        "node_modules/@esbuild/win32-ia32": {
            "version": "0.19.6",
            "resolved": "https://registry.npmjs.org/@esbuild/win32-ia32/-/win32-ia32-0.19.6.tgz",
            "integrity": "sha512-PBo/HPDQllyWdjwAVX+Gl2hH0dfBydL97BAH/grHKC8fubqp02aL4S63otZ25q3sBdINtOBbz1qTZQfXbP4VBg==",
            "cpu": [
                "ia32"
            ],
            "dev": true,
            "optional": true,
            "os": [
                "win32"
            ],
            "engines": {
                "node": ">=12"
            }
        },
        "node_modules/@esbuild/win32-x64": {
            "version": "0.19.6",
            "resolved": "https://registry.npmjs.org/@esbuild/win32-x64/-/win32-x64-0.19.6.tgz",
            "integrity": "sha512-OE7yIdbDif2kKfrGa+V0vx/B3FJv2L4KnIiLlvtibPyO9UkgO3rzYE0HhpREo2vmJ1Ixq1zwm9/0er+3VOSZJA==",
            "cpu": [
                "x64"
            ],
            "dev": true,
            "optional": true,
            "os": [
                "win32"
            ],
            "engines": {
                "node": ">=12"
            }
        },
        "node_modules/@lit-labs/ssr-dom-shim": {
            "version": "1.1.2",
            "resolved": "https://registry.npmjs.org/@lit-labs/ssr-dom-shim/-/ssr-dom-shim-1.1.2.tgz",
            "integrity": "sha512-jnOD+/+dSrfTWYfSXBXlo5l5f0q1UuJo3tkbMDCYA2lKUYq79jaxqtGEvnRoh049nt1vdo1+45RinipU6FGY2g=="
        },
        "node_modules/@lit/reactive-element": {
            "version": "1.6.3",
            "resolved": "https://registry.npmjs.org/@lit/reactive-element/-/reactive-element-1.6.3.tgz",
            "integrity": "sha512-QuTgnG52Poic7uM1AN5yJ09QMe0O28e10XzSvWDz02TJiiKee4stsiownEIadWm8nYzyDAyT+gKzUoZmiWQtsQ==",
            "dependencies": {
                "@lit-labs/ssr-dom-shim": "^1.0.0"
            }
        },
        "node_modules/@nicolasparada/store": {
            "version": "0.4.0",
            "resolved": "https://registry.npmjs.org/@nicolasparada/store/-/store-0.4.0.tgz",
            "integrity": "sha512-LcrHLqURPo4PhBblVG5C4ZACwk+9WHRhHRaJpIzA8gH2iAa6bx6ex3fSos9GWkQ3Ebl38z+f2pSdWW+SJN39Bg=="
        },
        "node_modules/@rollup/rollup-android-arm-eabi": {
            "version": "4.5.0",
            "resolved": "https://registry.npmjs.org/@rollup/rollup-android-arm-eabi/-/rollup-android-arm-eabi-4.5.0.tgz",
            "integrity": "sha512-OINaBGY+Wc++U0rdr7BLuFClxcoWaVW3vQYqmQq6B3bqQ/2olkaoz+K8+af/Mmka/C2yN5j+L9scBkv4BtKsDA==",
            "cpu": [
                "arm"
            ],
            "dev": true,
            "optional": true,
            "os": [
                "android"
            ]
        },
        "node_modules/@rollup/rollup-android-arm64": {
            "version": "4.5.0",
            "resolved": "https://registry.npmjs.org/@rollup/rollup-android-arm64/-/rollup-android-arm64-4.5.0.tgz",
            "integrity": "sha512-UdMf1pOQc4ZmUA/NTmKhgJTBimbSKnhPS2zJqucqFyBRFPnPDtwA8MzrGNTjDeQbIAWfpJVAlxejw+/lQyBK/w==",
            "cpu": [
                "arm64"
            ],
            "dev": true,
            "optional": true,
            "os": [
                "android"
            ]
        },
        "node_modules/@rollup/rollup-darwin-arm64": {
            "version": "4.5.0",
            "resolved": "https://registry.npmjs.org/@rollup/rollup-darwin-arm64/-/rollup-darwin-arm64-4.5.0.tgz",
            "integrity": "sha512-L0/CA5p/idVKI+c9PcAPGorH6CwXn6+J0Ys7Gg1axCbTPgI8MeMlhA6fLM9fK+ssFhqogMHFC8HDvZuetOii7w==",
            "cpu": [
                "arm64"
            ],
            "dev": true,
            "optional": true,
            "os": [
                "darwin"
            ]
        },
        "node_modules/@rollup/rollup-darwin-x64": {
            "version": "4.5.0",
            "resolved": "https://registry.npmjs.org/@rollup/rollup-darwin-x64/-/rollup-darwin-x64-4.5.0.tgz",
            "integrity": "sha512-QZCbVqU26mNlLn8zi/XDDquNmvcr4ON5FYAHQQsyhrHx8q+sQi/6xduoznYXwk/KmKIXG5dLfR0CvY+NAWpFYQ==",
            "cpu": [
                "x64"
            ],
            "dev": true,
            "optional": true,
            "os": [
                "darwin"
            ]
        },
        "node_modules/@rollup/rollup-linux-arm-gnueabihf": {
            "version": "4.5.0",
            "resolved": "https://registry.npmjs.org/@rollup/rollup-linux-arm-gnueabihf/-/rollup-linux-arm-gnueabihf-4.5.0.tgz",
            "integrity": "sha512-VpSQ+xm93AeV33QbYslgf44wc5eJGYfYitlQzAi3OObu9iwrGXEnmu5S3ilkqE3Pr/FkgOiJKV/2p0ewf4Hrtg==",
            "cpu": [
                "arm"
            ],
            "dev": true,
            "optional": true,
            "os": [
                "linux"
            ]
        },
        "node_modules/@rollup/rollup-linux-arm64-gnu": {
            "version": "4.5.0",
            "resolved": "https://registry.npmjs.org/@rollup/rollup-linux-arm64-gnu/-/rollup-linux-arm64-gnu-4.5.0.tgz",
            "integrity": "sha512-OrEyIfpxSsMal44JpEVx9AEcGpdBQG1ZuWISAanaQTSMeStBW+oHWwOkoqR54bw3x8heP8gBOyoJiGg+fLY8qQ==",
            "cpu": [
                "arm64"
            ],
            "dev": true,
            "optional": true,
            "os": [
                "linux"
            ]
        },
        "node_modules/@rollup/rollup-linux-arm64-musl": {
            "version": "4.5.0",
            "resolved": "https://registry.npmjs.org/@rollup/rollup-linux-arm64-musl/-/rollup-linux-arm64-musl-4.5.0.tgz",
            "integrity": "sha512-1H7wBbQuE6igQdxMSTjtFfD+DGAudcYWhp106z/9zBA8OQhsJRnemO4XGavdzHpGhRtRxbgmUGdO3YQgrWf2RA==",
            "cpu": [
                "arm64"
            ],
            "dev": true,
            "optional": true,
            "os": [
                "linux"
            ]
        },
        "node_modules/@rollup/rollup-linux-x64-gnu": {
            "version": "4.5.0",
            "resolved": "https://registry.npmjs.org/@rollup/rollup-linux-x64-gnu/-/rollup-linux-x64-gnu-4.5.0.tgz",
            "integrity": "sha512-FVyFI13tXw5aE65sZdBpNjPVIi4Q5mARnL/39UIkxvSgRAIqCo5sCpCELk0JtXHGee2owZz5aNLbWNfBHzr71Q==",
            "cpu": [
                "x64"
            ],
            "dev": true,
            "optional": true,
            "os": [
                "linux"
            ]
        },
        "node_modules/@rollup/rollup-linux-x64-musl": {
            "version": "4.5.0",
            "resolved": "https://registry.npmjs.org/@rollup/rollup-linux-x64-musl/-/rollup-linux-x64-musl-4.5.0.tgz",
            "integrity": "sha512-eBPYl2sLpH/o8qbSz6vPwWlDyThnQjJfcDOGFbNjmjb44XKC1F5dQfakOsADRVrXCNzM6ZsSIPDG5dc6HHLNFg==",
            "cpu": [
                "x64"
            ],
            "dev": true,
            "optional": true,
            "os": [
                "linux"
            ]
        },
        "node_modules/@rollup/rollup-win32-arm64-msvc": {
            "version": "4.5.0",
            "resolved": "https://registry.npmjs.org/@rollup/rollup-win32-arm64-msvc/-/rollup-win32-arm64-msvc-4.5.0.tgz",
            "integrity": "sha512-xaOHIfLOZypoQ5U2I6rEaugS4IYtTgP030xzvrBf5js7p9WI9wik07iHmsKaej8Z83ZDxN5GyypfoyKV5O5TJA==",
            "cpu": [
                "arm64"
            ],
            "dev": true,
            "optional": true,
            "os": [
                "win32"
            ]
        },
        "node_modules/@rollup/rollup-win32-ia32-msvc": {
            "version": "4.5.0",
            "resolved": "https://registry.npmjs.org/@rollup/rollup-win32-ia32-msvc/-/rollup-win32-ia32-msvc-4.5.0.tgz",
            "integrity": "sha512-Al6quztQUrHwcOoU2TuFblUQ5L+/AmPBXFR6dUvyo4nRj2yQRK0WIUaGMF/uwKulvRcXkpHe3k9A8Vf93VDktA==",
            "cpu": [
                "ia32"
            ],
            "dev": true,
            "optional": true,
            "os": [
                "win32"
            ]
        },
        "node_modules/@rollup/rollup-win32-x64-msvc": {
            "version": "4.5.0",
            "resolved": "https://registry.npmjs.org/@rollup/rollup-win32-x64-msvc/-/rollup-win32-x64-msvc-4.5.0.tgz",
            "integrity": "sha512-8kdW+brNhI/NzJ4fxDufuJUjepzINqJKLGHuxyAtpPG9bMbn8P5mtaCcbOm0EzLJ+atg+kF9dwg8jpclkVqx5w==",
            "cpu": [
                "x64"
            ],
            "dev": true,
            "optional": true,
            "os": [
                "win32"
            ]
        },
        "node_modules/@textcomplete/core": {
            "version": "0.1.12",
            "resolved": "https://registry.npmjs.org/@textcomplete/core/-/core-0.1.12.tgz",
            "integrity": "sha512-37Q8Wic3IGpZHtknlJ/ODKMyvaBhVMM56Vl7aoBfno2Qq099fFqoCL0VzKhTn8qvTf1Z/8ymlHwPCBzPvW7KSQ==",
            "dependencies": {
                "eventemitter3": "^4.0.4"
            }
        },
        "node_modules/@textcomplete/textarea": {
            "version": "0.1.12",
            "resolved": "https://registry.npmjs.org/@textcomplete/textarea/-/textarea-0.1.12.tgz",
            "integrity": "sha512-E05H4wXr1Q50CrCFBAHewyZqvQEX681V5zleDw/31tr8vl5PDFl6TyFmS1W0jQjlrQfxa5uVvgHCx+gpfICBDQ==",
            "dependencies": {
                "@textcomplete/utils": "^0.1.11",
                "textarea-caret": "^3.1.0",
                "undate": "^0.3.0"
            },
            "peerDependencies": {
                "@textcomplete/core": "^0.1.9"
            }
        },
        "node_modules/@textcomplete/utils": {
            "version": "0.1.12",
            "resolved": "https://registry.npmjs.org/@textcomplete/utils/-/utils-0.1.12.tgz",
            "integrity": "sha512-llHhD1FAVwFaaHzs7PU0BZYTpNLDzTccDWbw+5cj0TiB2NOXZGjPm6l7PJrJwN/yUuPDxOHip/3I+kF6OBkBAg=="
        },
        "node_modules/@types/trusted-types": {
            "version": "2.0.6",
            "resolved": "https://registry.npmjs.org/@types/trusted-types/-/trusted-types-2.0.6.tgz",
            "integrity": "sha512-HYtNooPvUY9WAVRBr4u+4Qa9fYD1ze2IUlAD3HoA6oehn1taGwBx3Oa52U4mTslTS+GAExKpaFu39Y5xUEwfjg=="
        },
        "node_modules/dialog-polyfill": {
            "version": "0.5.6",
            "resolved": "https://registry.npmjs.org/dialog-polyfill/-/dialog-polyfill-0.5.6.tgz",
            "integrity": "sha512-ZbVDJI9uvxPAKze6z146rmfUZjBqNEwcnFTVamQzXH+svluiV7swmVIGr7miwADgfgt1G2JQIytypM9fbyhX4w=="
        },
        "node_modules/emoji-picker-element": {
            "version": "1.19.1",
            "resolved": "https://registry.npmjs.org/emoji-picker-element/-/emoji-picker-element-1.19.1.tgz",
            "integrity": "sha512-EPkKg3IuxL1oyK2hmTCIzabErhvhHUUeFsUqu0e32dPxQZCeP+BkbgKZ8t4pJuvHjpdvLuB+L4vuO4ko1la7lA=="
        },
        "node_modules/esbuild": {
            "version": "0.19.6",
            "resolved": "https://registry.npmjs.org/esbuild/-/esbuild-0.19.6.tgz",
            "integrity": "sha512-Xl7dntjA2OEIvpr9j0DVxxnog2fyTGnyVoQXAMQI6eR3mf9zCQds7VIKUDCotDgE/p4ncTgeRqgX8t5d6oP4Gw==",
            "dev": true,
            "hasInstallScript": true,
            "bin": {
                "esbuild": "bin/esbuild"
            },
            "engines": {
                "node": ">=12"
            },
            "optionalDependencies": {
                "@esbuild/android-arm": "0.19.6",
                "@esbuild/android-arm64": "0.19.6",
                "@esbuild/android-x64": "0.19.6",
                "@esbuild/darwin-arm64": "0.19.6",
                "@esbuild/darwin-x64": "0.19.6",
                "@esbuild/freebsd-arm64": "0.19.6",
                "@esbuild/freebsd-x64": "0.19.6",
                "@esbuild/linux-arm": "0.19.6",
                "@esbuild/linux-arm64": "0.19.6",
                "@esbuild/linux-ia32": "0.19.6",
                "@esbuild/linux-loong64": "0.19.6",
                "@esbuild/linux-mips64el": "0.19.6",
                "@esbuild/linux-ppc64": "0.19.6",
                "@esbuild/linux-riscv64": "0.19.6",
                "@esbuild/linux-s390x": "0.19.6",
                "@esbuild/linux-x64": "0.19.6",
                "@esbuild/netbsd-x64": "0.19.6",
                "@esbuild/openbsd-x64": "0.19.6",
                "@esbuild/sunos-x64": "0.19.6",
                "@esbuild/win32-arm64": "0.19.6",
                "@esbuild/win32-ia32": "0.19.6",
                "@esbuild/win32-x64": "0.19.6"
            }
        },
        "node_modules/eventemitter3": {
            "version": "4.0.7",
            "resolved": "https://registry.npmjs.org/eventemitter3/-/eventemitter3-4.0.7.tgz",
            "integrity": "sha512-8guHBZCwKnFhYdHr2ysuRWErTwhoN2X8XELRlrRwpmfeY2jjuUN4taQMsULKUVo1K4DvZl+0pgfyoysHxvmvEw=="
        },
        "node_modules/fetch-jsonp": {
            "version": "1.3.0",
            "resolved": "https://registry.npmjs.org/fetch-jsonp/-/fetch-jsonp-1.3.0.tgz",
            "integrity": "sha512-hxCYGvmANEmpkHpeWY8Kawfa5Z1t2csTpIClIDG/0S92eALWHRU1RnGaj86Tf5Cc0QF+afSa4SQ4pFB2rFM5QA=="
        },
        "node_modules/fsevents": {
            "version": "2.3.3",
            "resolved": "https://registry.npmjs.org/fsevents/-/fsevents-2.3.3.tgz",
            "integrity": "sha512-5xoDfX+fL7faATnagmWPpbFtwh/R77WmMMqqHGS65C3vvB0YHrgF+B1YmZ3441tMj5n63k0212XNoJwzlhffQw==",
            "dev": true,
            "hasInstallScript": true,
            "optional": true,
            "os": [
                "darwin"
            ],
            "engines": {
                "node": "^8.16.0 || ^10.6.0 || >=11.0.0"
            }
        },
        "node_modules/haunted": {
            "version": "5.0.0",
            "resolved": "https://registry.npmjs.org/haunted/-/haunted-5.0.0.tgz",
            "integrity": "sha512-hyv9KIp4F6/oL5V6GQ6b85RQIcxdV/KTjfgLxkPozQOj+KmCVZ3pDuSzlAAXoZK0lOYLekumbDqZLfzloO2s3w==",
            "dependencies": {
                "lit": "^2.0.0"
            }
        },
        "node_modules/linkify-plugin-hashtag": {
            "version": "4.1.2",
            "resolved": "https://registry.npmjs.org/linkify-plugin-hashtag/-/linkify-plugin-hashtag-4.1.2.tgz",
            "integrity": "sha512-MFPNIxOjUBKHfQFwat5ArP/Xy36qnPF/I0QZkSLTyxu0fhMGE8cyNkPrWwDeuDPjz4bwf2p+45phnrP45sVZ3g==",
            "peerDependencies": {
                "linkifyjs": "^4.0.0"
            }
        },
        "node_modules/linkify-plugin-mention": {
            "version": "4.1.2",
            "resolved": "https://registry.npmjs.org/linkify-plugin-mention/-/linkify-plugin-mention-4.1.2.tgz",
            "integrity": "sha512-E0LTqOIBHPHzRbnUIxBJ4qZ4bNj0Zqkdo7WRq2jQ8Q3ozJOIwKJhL77nlRfuyN2pUVX9xCg216q+JrjTMNE2pA==",
            "peerDependencies": {
                "linkifyjs": "^4.0.0"
            }
        },
        "node_modules/linkify-string": {
            "version": "4.1.2",
            "resolved": "https://registry.npmjs.org/linkify-string/-/linkify-string-4.1.2.tgz",
            "integrity": "sha512-tYDXkrzKCy5haf9eHS7GWU+a//q0jveP5kX2VF+/47h5jfTTtsqqj3lchacLTwRMB/nJL3trrloyAhPzcvBvqw==",
            "peerDependencies": {
                "linkifyjs": "^4.0.0"
            }
        },
        "node_modules/linkifyjs": {
            "version": "4.1.2",
            "resolved": "https://registry.npmjs.org/linkifyjs/-/linkifyjs-4.1.2.tgz",
            "integrity": "sha512-1elJrH8MwUgr77Rgmx4JgB/nBgISYVoGossH6pAfCeHG+07TblTn6RWKx0MKozEMJU6NCFYHRih9M8ZtV3YZ+Q=="
        },
        "node_modules/lit": {
            "version": "2.8.0",
            "resolved": "https://registry.npmjs.org/lit/-/lit-2.8.0.tgz",
            "integrity": "sha512-4Sc3OFX9QHOJaHbmTMk28SYgVxLN3ePDjg7hofEft2zWlehFL3LiAuapWc4U/kYwMYJSh2hTCPZ6/LIC7ii0MA==",
            "dependencies": {
                "@lit/reactive-element": "^1.6.0",
                "lit-element": "^3.3.0",
                "lit-html": "^2.8.0"
            }
        },
        "node_modules/lit-element": {
            "version": "3.3.3",
            "resolved": "https://registry.npmjs.org/lit-element/-/lit-element-3.3.3.tgz",
            "integrity": "sha512-XbeRxmTHubXENkV4h8RIPyr8lXc+Ff28rkcQzw3G6up2xg5E8Zu1IgOWIwBLEQsu3cOVFqdYwiVi0hv0SlpqUA==",
            "dependencies": {
                "@lit-labs/ssr-dom-shim": "^1.1.0",
                "@lit/reactive-element": "^1.3.0",
                "lit-html": "^2.8.0"
            }
        },
        "node_modules/lit-html": {
            "version": "2.8.0",
            "resolved": "https://registry.npmjs.org/lit-html/-/lit-html-2.8.0.tgz",
            "integrity": "sha512-o9t+MQM3P4y7M7yNzqAyjp7z+mQGa4NS4CxiyLqFPyFWyc4O+nodLrkrxSaCTrla6M5YOLaT3RpbbqjszB5g3Q==",
            "dependencies": {
                "@types/trusted-types": "^2.0.2"
            }
        },
        "node_modules/lit-translate": {
            "version": "2.0.1",
            "resolved": "https://registry.npmjs.org/lit-translate/-/lit-translate-2.0.1.tgz",
            "integrity": "sha512-AcGwE0d3M3KwMPZ0YlJRMB48V18LwRmkjkIYQaU+JycFA5yxkel2LJg1gThfrHFIPS8fcmtTMrXXSVEMg1BCTg==",
            "dependencies": {
                "lit": "^2.2.2"
            }
        },
        "node_modules/medium-zoom": {
            "version": "1.1.0",
            "resolved": "https://registry.npmjs.org/medium-zoom/-/medium-zoom-1.1.0.tgz",
            "integrity": "sha512-ewyDsp7k4InCUp3jRmwHBRFGyjBimKps/AJLjRSox+2q/2H4p/PNpQf+pwONWlJiOudkBXtbdmVbFjqyybfTmQ=="
        },
        "node_modules/nanoid": {
            "version": "3.3.7",
            "resolved": "https://registry.npmjs.org/nanoid/-/nanoid-3.3.7.tgz",
            "integrity": "sha512-eSRppjcPIatRIMC1U6UngP8XFcz8MQWGQdt1MTBQ7NaAmvXDfvNxbvWV3x2y6CdEUciCSsDHDQZbhYaB8QEo2g==",
            "dev": true,
            "funding": [
                {
                    "type": "github",
                    "url": "https://github.com/sponsors/ai"
                }
            ],
            "bin": {
                "nanoid": "bin/nanoid.cjs"
            },
            "engines": {
                "node": "^10 || ^12 || ^13.7 || ^14 || >=15.0.1"
            }
        },
        "node_modules/picocolors": {
            "version": "1.0.0",
            "resolved": "https://registry.npmjs.org/picocolors/-/picocolors-1.0.0.tgz",
            "integrity": "sha512-1fygroTLlHu66zi26VoTDv8yRgm0Fccecssto+MhsZ0D/DGW2sm8E8AjW7NU5VVTRt5GxbeZ5qBuJr+HyLYkjQ==",
            "dev": true
        },
        "node_modules/postcss": {
            "version": "8.4.32",
            "resolved": "https://registry.npmjs.org/postcss/-/postcss-8.4.32.tgz",
            "integrity": "sha512-D/kj5JNu6oo2EIy+XL/26JEDTlIbB8hw85G8StOE6L74RQAVVP5rej6wxCNqyMbR4RkPfqvezVbPw81Ngd6Kcw==",
            "dev": true,
            "funding": [
                {
                    "type": "opencollective",
                    "url": "https://opencollective.com/postcss/"
                },
                {
                    "type": "tidelift",
                    "url": "https://tidelift.com/funding/github/npm/postcss"
                },
                {
                    "type": "github",
                    "url": "https://github.com/sponsors/ai"
                }
            ],
            "dependencies": {
                "nanoid": "^3.3.7",
                "picocolors": "^1.0.0",
                "source-map-js": "^1.0.2"
            },
            "engines": {
                "node": "^10 || ^12 || >=14"
            }
        },
        "node_modules/rollup": {
            "version": "4.5.0",
            "resolved": "https://registry.npmjs.org/rollup/-/rollup-4.5.0.tgz",
            "integrity": "sha512-41xsWhzxqjMDASCxH5ibw1mXk+3c4TNI2UjKbLxe6iEzrSQnqOzmmK8/3mufCPbzHNJ2e04Fc1ddI35hHy+8zg==",
            "dev": true,
            "bin": {
                "rollup": "dist/bin/rollup"
            },
            "engines": {
                "node": ">=18.0.0",
                "npm": ">=8.0.0"
            },
            "optionalDependencies": {
                "@rollup/rollup-android-arm-eabi": "4.5.0",
                "@rollup/rollup-android-arm64": "4.5.0",
                "@rollup/rollup-darwin-arm64": "4.5.0",
                "@rollup/rollup-darwin-x64": "4.5.0",
                "@rollup/rollup-linux-arm-gnueabihf": "4.5.0",
                "@rollup/rollup-linux-arm64-gnu": "4.5.0",
                "@rollup/rollup-linux-arm64-musl": "4.5.0",
                "@rollup/rollup-linux-x64-gnu": "4.5.0",
                "@rollup/rollup-linux-x64-musl": "4.5.0",
                "@rollup/rollup-win32-arm64-msvc": "4.5.0",
                "@rollup/rollup-win32-ia32-msvc": "4.5.0",
                "@rollup/rollup-win32-x64-msvc": "4.5.0",
                "fsevents": "~2.3.2"
            }
        },
        "node_modules/source-map-js": {
            "version": "1.0.2",
            "resolved": "https://registry.npmjs.org/source-map-js/-/source-map-js-1.0.2.tgz",
            "integrity": "sha512-R0XvVJ9WusLiqTCEiGCmICCMplcCkIwwR11mOSD9CR5u+IXYdiseeEuXCVAjS54zqwkLcPNnmU4OeJ6tUrWhDw==",
            "dev": true,
            "engines": {
                "node": ">=0.10.0"
            }
        },
        "node_modules/textarea-caret": {
            "version": "3.1.0",
            "resolved": "https://registry.npmjs.org/textarea-caret/-/textarea-caret-3.1.0.tgz",
            "integrity": "sha512-cXAvzO9pP5CGa6NKx0WYHl+8CHKZs8byMkt3PCJBCmq2a34YA9pO1NrQET5pzeqnBjBdToF5No4rrmkDUgQC2Q=="
        },
        "node_modules/undate": {
            "version": "0.3.0",
            "resolved": "https://registry.npmjs.org/undate/-/undate-0.3.0.tgz",
            "integrity": "sha512-ssH8QTNBY6B+2fRr3stSQ+9m2NT8qTaun3ExTx5ibzYQvP7yX4+BnX0McNxFCvh6S5ia/DYu6bsCKQx/U4nb/Q=="
        },
        "node_modules/vite": {
            "version": "5.0.5",
            "resolved": "https://registry.npmjs.org/vite/-/vite-5.0.5.tgz",
            "integrity": "sha512-OekeWqR9Ls56f3zd4CaxzbbS11gqYkEiBtnWFFgYR2WV8oPJRRKq0mpskYy/XaoCL3L7VINDhqqOMNDiYdGvGg==",
            "dev": true,
            "dependencies": {
                "esbuild": "^0.19.3",
                "postcss": "^8.4.32",
                "rollup": "^4.2.0"
            },
            "bin": {
                "vite": "bin/vite.js"
            },
            "engines": {
                "node": "^18.0.0 || >=20.0.0"
            },
            "funding": {
                "url": "https://github.com/vitejs/vite?sponsor=1"
            },
            "optionalDependencies": {
                "fsevents": "~2.3.3"
            },
            "peerDependencies": {
                "@types/node": "^18.0.0 || >=20.0.0",
                "less": "*",
                "lightningcss": "^1.21.0",
                "sass": "*",
                "stylus": "*",
                "sugarss": "*",
                "terser": "^5.4.0"
            },
            "peerDependenciesMeta": {
                "@types/node": {
                    "optional": true
                },
                "less": {
                    "optional": true
                },
                "lightningcss": {
                    "optional": true
                },
                "sass": {
                    "optional": true
                },
                "stylus": {
                    "optional": true
                },
                "sugarss": {
                    "optional": true
                },
                "terser": {
                    "optional": true
                }
            }
        }
    }
}
